
Microsoft Visual Studio Solution File, Format Version 12.00
# Visual Studio Version 17
VisualStudioVersion = 17.5.33627.172
MinimumVisualStudioVersion = 10.0.40219.1
Project("{2150E333-8FDC-42A3-9474-1A3956D46DE8}") = "src", "src", "{B2FD0406-9868-4086-9581-3EB945059E3E}"
EndProject
Project("{2150E333-8FDC-42A3-9474-1A3956D46DE8}") = "test", "test", "{D474B7C2-A09D-40DC-AB05-81EC472CE222}"
EndProject
Project("{9A19103F-16F7-4668-BE54-9A1E7A4F7556}") = "NanoBlogEngine.Domain", "Backend\NanoBlogEngine.Domain\NanoBlogEngine.Domain.csproj", "{8D8ED401-A0EF-4685-B060-378E3EC40FFB}"
EndProject
Project("{9A19103F-16F7-4668-BE54-9A1E7A4F7556}") = "NanoBlogEngine.Application", "Backend\NanoBlogEngine.Application\NanoBlogEngine.Application.csproj", "{B2F5C2D5-5A5D-4DEA-81F0-A89DE0975496}"
EndProject
Project("{9A19103F-16F7-4668-BE54-9A1E7A4F7556}") = "NanoBlogEngine.Infrastructure", "Backend\NanoBlogEngine.Infrastructure\NanoBlogEngine.Infrastructure.csproj", "{AD14896E-CB1D-4774-A13B-B8BBFBC5F087}"
EndProject
Project("{9A19103F-16F7-4668-BE54-9A1E7A4F7556}") = "NanoBlogEngine.WebApi", "Backend\NanoBlogEngine.WebApi\NanoBlogEngine.WebApi.csproj", "{B1712C33-6AD7-4BAF-8F94-CF40178960DD}"
EndProject
Project("{2150E333-8FDC-42A3-9474-1A3956D46DE8}") = "Backend", "Backend", "{B9803612-C2B2-4FE3-AF66-4E6BCBA12F8C}"
EndProject
Project("{2150E333-8FDC-42A3-9474-1A3956D46DE8}") = "Frontend", "Frontend", "{6BD6CB36-5734-4A79-8C98-BCF4EA4A3981}"
EndProject
Project("{2150E333-8FDC-42A3-9474-1A3956D46DE8}") = "Elementos de la solución", "Elementos de la solución", "{5831DB42-4D1E-42A6-89B2-539C5AC4AC51}"
	ProjectSection(SolutionItems) = preProject
		.editorconfig = .editorconfig
		Directory.Build.props = Directory.Build.props
	EndProjectSection
EndProject
Project("{9A19103F-16F7-4668-BE54-9A1E7A4F7556}") = "NanoBlogEngine.BlazorSite", "Frontend\NanoBlogEngine.BlazorSite\NanoBlogEngine.BlazorSite.csproj", "{1FA70FF4-83C2-45A0-9106-C451834BBAAB}"
EndProject
Global
	GlobalSection(SolutionConfigurationPlatforms) = preSolution
		Debug|Any CPU = Debug|Any CPU
		Release|Any CPU = Release|Any CPU
	EndGlobalSection
	GlobalSection(ProjectConfigurationPlatforms) = postSolution
		{8D8ED401-A0EF-4685-B060-378E3EC40FFB}.Debug|Any CPU.ActiveCfg = Debug|Any CPU
		{8D8ED401-A0EF-4685-B060-378E3EC40FFB}.Debug|Any CPU.Build.0 = Debug|Any CPU
		{8D8ED401-A0EF-4685-B060-378E3EC40FFB}.Release|Any CPU.ActiveCfg = Release|Any CPU
		{8D8ED401-A0EF-4685-B060-378E3EC40FFB}.Release|Any CPU.Build.0 = Release|Any CPU
		{B2F5C2D5-5A5D-4DEA-81F0-A89DE0975496}.Debug|Any CPU.ActiveCfg = Debug|Any CPU
		{B2F5C2D5-5A5D-4DEA-81F0-A89DE0975496}.Debug|Any CPU.Build.0 = Debug|Any CPU
		{B2F5C2D5-5A5D-4DEA-81F0-A89DE0975496}.Release|Any CPU.ActiveCfg = Release|Any CPU
		{B2F5C2D5-5A5D-4DEA-81F0-A89DE0975496}.Release|Any CPU.Build.0 = Release|Any CPU
		{AD14896E-CB1D-4774-A13B-B8BBFBC5F087}.Debug|Any CPU.ActiveCfg = Debug|Any CPU
		{AD14896E-CB1D-4774-A13B-B8BBFBC5F087}.Debug|Any CPU.Build.0 = Debug|Any CPU
		{AD14896E-CB1D-4774-A13B-B8BBFBC5F087}.Release|Any CPU.ActiveCfg = Release|Any CPU
		{AD14896E-CB1D-4774-A13B-B8BBFBC5F087}.Release|Any CPU.Build.0 = Release|Any CPU
		{B1712C33-6AD7-4BAF-8F94-CF40178960DD}.Debug|Any CPU.ActiveCfg = Debug|Any CPU
		{B1712C33-6AD7-4BAF-8F94-CF40178960DD}.Debug|Any CPU.Build.0 = Debug|Any CPU
		{B1712C33-6AD7-4BAF-8F94-CF40178960DD}.Release|Any CPU.ActiveCfg = Release|Any CPU
		{B1712C33-6AD7-4BAF-8F94-CF40178960DD}.Release|Any CPU.Build.0 = Release|Any CPU
		{1FA70FF4-83C2-45A0-9106-C451834BBAAB}.Debug|Any CPU.ActiveCfg = Debug|Any CPU
		{1FA70FF4-83C2-45A0-9106-C451834BBAAB}.Debug|Any CPU.Build.0 = Debug|Any CPU
		{1FA70FF4-83C2-45A0-9106-C451834BBAAB}.Release|Any CPU.ActiveCfg = Release|Any CPU
		{1FA70FF4-83C2-45A0-9106-C451834BBAAB}.Release|Any CPU.Build.0 = Release|Any CPU
	EndGlobalSection
	GlobalSection(SolutionProperties) = preSolution
		HideSolutionNode = FALSE
	EndGlobalSection
	GlobalSection(NestedProjects) = preSolution
		{8D8ED401-A0EF-4685-B060-378E3EC40FFB} = {B9803612-C2B2-4FE3-AF66-4E6BCBA12F8C}
		{B2F5C2D5-5A5D-4DEA-81F0-A89DE0975496} = {B9803612-C2B2-4FE3-AF66-4E6BCBA12F8C}
		{AD14896E-CB1D-4774-A13B-B8BBFBC5F087} = {B9803612-C2B2-4FE3-AF66-4E6BCBA12F8C}
		{B1712C33-6AD7-4BAF-8F94-CF40178960DD} = {B9803612-C2B2-4FE3-AF66-4E6BCBA12F8C}
		{B9803612-C2B2-4FE3-AF66-4E6BCBA12F8C} = {B2FD0406-9868-4086-9581-3EB945059E3E}
		{6BD6CB36-5734-4A79-8C98-BCF4EA4A3981} = {B2FD0406-9868-4086-9581-3EB945059E3E}
		{1FA70FF4-83C2-45A0-9106-C451834BBAAB} = {6BD6CB36-5734-4A79-8C98-BCF4EA4A3981}
	EndGlobalSection
	GlobalSection(ExtensibilityGlobals) = postSolution
		SolutionGuid = {472CCDA8-CBF2-402D-8776-DE8FB6353ACC}
	EndGlobalSection
EndGlobal
